
Microsoft Visual Studio Solution File, Format Version 12.00
# Visual Studio Version 17
VisualStudioVersion = 17.0.31611.283
MinimumVisualStudioVersion = 10.0.40219.1
Project("{9A19103F-16F7-4668-BE54-9A1E7A4F7556}") = "2022", "2022\2022.csproj", "{4D4AB6B4-1BB7-4AB4-AA72-7C9758113017}"
EndProject
Project("{9A19103F-16F7-4668-BE54-9A1E7A4F7556}") = "1", "1\1.csproj", "{8048A129-3C6A-42F9-8853-78DB13ACAC93}"
EndProject
Project("{9A19103F-16F7-4668-BE54-9A1E7A4F7556}") = "1.Tests", "1.Tests\1.Tests.csproj", "{46C09C4C-FFAC-4288-9BAF-D160A2913278}"
EndProject
Project("{FAE04EC0-301F-11D3-BF4B-00C04F79EFBC}") = "2.Tests", "2.Tests\2.Tests.csproj", "{7D7201F1-0C66-4BB8-B1FC-A2E6EA092714}"
EndProject
Project("{FAE04EC0-301F-11D3-BF4B-00C04F79EFBC}") = "2", "2\2.csproj", "{711C2164-5909-4E87-833D-F4648297BB64}"
EndProject
Global
	GlobalSection(SolutionConfigurationPlatforms) = preSolution
		Debug|Any CPU = Debug|Any CPU
		Release|Any CPU = Release|Any CPU
	EndGlobalSection
	GlobalSection(ProjectConfigurationPlatforms) = postSolution
		{4D4AB6B4-1BB7-4AB4-AA72-7C9758113017}.Debug|Any CPU.ActiveCfg = Debug|Any CPU
		{4D4AB6B4-1BB7-4AB4-AA72-7C9758113017}.Debug|Any CPU.Build.0 = Debug|Any CPU
		{4D4AB6B4-1BB7-4AB4-AA72-7C9758113017}.Debug|Any CPU.Deploy.0 = Debug|Any CPU
		{4D4AB6B4-1BB7-4AB4-AA72-7C9758113017}.Release|Any CPU.ActiveCfg = Release|Any CPU
		{4D4AB6B4-1BB7-4AB4-AA72-7C9758113017}.Release|Any CPU.Build.0 = Release|Any CPU
		{4D4AB6B4-1BB7-4AB4-AA72-7C9758113017}.Release|Any CPU.Deploy.0 = Release|Any CPU
		{8048A129-3C6A-42F9-8853-78DB13ACAC93}.Debug|Any CPU.ActiveCfg = Debug|Any CPU
		{8048A129-3C6A-42F9-8853-78DB13ACAC93}.Debug|Any CPU.Build.0 = Debug|Any CPU
		{8048A129-3C6A-42F9-8853-78DB13ACAC93}.Release|Any CPU.ActiveCfg = Release|Any CPU
		{8048A129-3C6A-42F9-8853-78DB13ACAC93}.Release|Any CPU.Build.0 = Release|Any CPU
		{46C09C4C-FFAC-4288-9BAF-D160A2913278}.Debug|Any CPU.ActiveCfg = Debug|Any CPU
		{46C09C4C-FFAC-4288-9BAF-D160A2913278}.Debug|Any CPU.Build.0 = Debug|Any CPU
		{46C09C4C-FFAC-4288-9BAF-D160A2913278}.Release|Any CPU.ActiveCfg = Release|Any CPU
		{46C09C4C-FFAC-4288-9BAF-D160A2913278}.Release|Any CPU.Build.0 = Release|Any CPU
		{7D7201F1-0C66-4BB8-B1FC-A2E6EA092714}.Debug|Any CPU.ActiveCfg = Debug|Any CPU
		{7D7201F1-0C66-4BB8-B1FC-A2E6EA092714}.Debug|Any CPU.Build.0 = Debug|Any CPU
		{7D7201F1-0C66-4BB8-B1FC-A2E6EA092714}.Release|Any CPU.ActiveCfg = Release|Any CPU
		{7D7201F1-0C66-4BB8-B1FC-A2E6EA092714}.Release|Any CPU.Build.0 = Release|Any CPU
		{711C2164-5909-4E87-833D-F4648297BB64}.Debug|Any CPU.ActiveCfg = Debug|Any CPU
		{711C2164-5909-4E87-833D-F4648297BB64}.Debug|Any CPU.Build.0 = Debug|Any CPU
		{711C2164-5909-4E87-833D-F4648297BB64}.Release|Any CPU.ActiveCfg = Release|Any CPU
		{711C2164-5909-4E87-833D-F4648297BB64}.Release|Any CPU.Build.0 = Release|Any CPU
	EndGlobalSection
	GlobalSection(SolutionProperties) = preSolution
		HideSolutionNode = FALSE
	EndGlobalSection
	GlobalSection(ExtensibilityGlobals) = postSolution
		SolutionGuid = {61F7FB11-1E47-470C-91E2-47F8143E1572}
	EndGlobalSection
EndGlobal
