
Microsoft Visual Studio Solution File, Format Version 12.00
# Visual Studio Version 16
VisualStudioVersion = 16.0.31424.327
MinimumVisualStudioVersion = 10.0.40219.1
Project("{9A19103F-16F7-4668-BE54-9A1E7A4F7556}") = "1", "1\1.csproj", "{C14A7D85-15D0-4834-A7C7-CB02C0D1BDC8}"
EndProject
Project("{9A19103F-16F7-4668-BE54-9A1E7A4F7556}") = "2", "2\2.csproj", "{1E200B63-C7E5-4654-ABA9-CE4AD01B8774}"
EndProject
Project("{9A19103F-16F7-4668-BE54-9A1E7A4F7556}") = "2.Tests", "2.Tests\2.Tests.csproj", "{C3762E60-48DD-4573-91BB-240B59E761E3}"
EndProject
Project("{9A19103F-16F7-4668-BE54-9A1E7A4F7556}") = "3", "3\3.csproj", "{8F7E0338-5378-45BC-A80A-39639FAE6A85}"
EndProject
Project("{9A19103F-16F7-4668-BE54-9A1E7A4F7556}") = "3.Tests", "3.Tests\3.Tests.csproj", "{E01942C0-FEDA-49E6-B847-B734BCFBEA1A}"
EndProject
Project("{9A19103F-16F7-4668-BE54-9A1E7A4F7556}") = "4", "4\4.csproj", "{E13C561C-8B66-49E5-96B3-14B6957F2AA7}"
EndProject
Project("{9A19103F-16F7-4668-BE54-9A1E7A4F7556}") = "4.Tests", "4.Tests\4.Tests.csproj", "{255A7005-CD04-4EC4-A6B7-916173B37CF3}"
EndProject
Project("{9A19103F-16F7-4668-BE54-9A1E7A4F7556}") = "5.Tests", "5.Tests\5.Tests.csproj", "{DB80C620-89A6-4313-947D-8B78599FC590}"
EndProject
Project("{9A19103F-16F7-4668-BE54-9A1E7A4F7556}") = "5", "5\5.csproj", "{188171EB-30B1-4C56-95C7-F2D5C69A30ED}"
EndProject
Project("{9A19103F-16F7-4668-BE54-9A1E7A4F7556}") = "6", "6\6.csproj", "{A8DDC653-B788-4AC4-B2A8-2FB360BE6381}"
EndProject
Project("{9A19103F-16F7-4668-BE54-9A1E7A4F7556}") = "6.Tests", "6.Tests\6.Tests.csproj", "{DE027C37-93D7-41FF-8313-F0DA03F7898A}"
EndProject
Project("{9A19103F-16F7-4668-BE54-9A1E7A4F7556}") = "7", "7\7.csproj", "{47C56CEE-A207-4472-A4F4-D9D95B272A20}"
EndProject
Project("{9A19103F-16F7-4668-BE54-9A1E7A4F7556}") = "7.Tests", "7.Tests\7.Tests.csproj", "{0981FA86-BAF0-4D35-80CD-7166017CC1F0}"
EndProject
Project("{9A19103F-16F7-4668-BE54-9A1E7A4F7556}") = "8", "8\8.csproj", "{8F149B9F-29E0-4A4A-8AF0-6D2B00FE9EF0}"
EndProject
Project("{9A19103F-16F7-4668-BE54-9A1E7A4F7556}") = "8.Tests", "8.Tests\8.Tests.csproj", "{6BDE30F5-99D7-44B1-8A9E-E6C153C90806}"
EndProject
Project("{FAE04EC0-301F-11D3-BF4B-00C04F79EFBC}") = "9", "9\9.csproj", "{30848556-37F9-406A-8FA3-0B5B2BF839BA}"
EndProject
Project("{FAE04EC0-301F-11D3-BF4B-00C04F79EFBC}") = "9.Tests", "9.Tests\9.Tests.csproj", "{AF5E2274-5CDA-41AE-BC82-0E0159A4D42A}"
EndProject
Global
	GlobalSection(SolutionConfigurationPlatforms) = preSolution
		Debug|Any CPU = Debug|Any CPU
		Release|Any CPU = Release|Any CPU
	EndGlobalSection
	GlobalSection(ProjectConfigurationPlatforms) = postSolution
		{C14A7D85-15D0-4834-A7C7-CB02C0D1BDC8}.Debug|Any CPU.ActiveCfg = Debug|Any CPU
		{C14A7D85-15D0-4834-A7C7-CB02C0D1BDC8}.Debug|Any CPU.Build.0 = Debug|Any CPU
		{C14A7D85-15D0-4834-A7C7-CB02C0D1BDC8}.Release|Any CPU.ActiveCfg = Release|Any CPU
		{C14A7D85-15D0-4834-A7C7-CB02C0D1BDC8}.Release|Any CPU.Build.0 = Release|Any CPU
		{1E200B63-C7E5-4654-ABA9-CE4AD01B8774}.Debug|Any CPU.ActiveCfg = Debug|Any CPU
		{1E200B63-C7E5-4654-ABA9-CE4AD01B8774}.Debug|Any CPU.Build.0 = Debug|Any CPU
		{1E200B63-C7E5-4654-ABA9-CE4AD01B8774}.Release|Any CPU.ActiveCfg = Release|Any CPU
		{1E200B63-C7E5-4654-ABA9-CE4AD01B8774}.Release|Any CPU.Build.0 = Release|Any CPU
		{C3762E60-48DD-4573-91BB-240B59E761E3}.Debug|Any CPU.ActiveCfg = Debug|Any CPU
		{C3762E60-48DD-4573-91BB-240B59E761E3}.Debug|Any CPU.Build.0 = Debug|Any CPU
		{C3762E60-48DD-4573-91BB-240B59E761E3}.Release|Any CPU.ActiveCfg = Release|Any CPU
		{C3762E60-48DD-4573-91BB-240B59E761E3}.Release|Any CPU.Build.0 = Release|Any CPU
		{8F7E0338-5378-45BC-A80A-39639FAE6A85}.Debug|Any CPU.ActiveCfg = Debug|Any CPU
		{8F7E0338-5378-45BC-A80A-39639FAE6A85}.Debug|Any CPU.Build.0 = Debug|Any CPU
		{8F7E0338-5378-45BC-A80A-39639FAE6A85}.Release|Any CPU.ActiveCfg = Release|Any CPU
		{8F7E0338-5378-45BC-A80A-39639FAE6A85}.Release|Any CPU.Build.0 = Release|Any CPU
		{E01942C0-FEDA-49E6-B847-B734BCFBEA1A}.Debug|Any CPU.ActiveCfg = Debug|Any CPU
		{E01942C0-FEDA-49E6-B847-B734BCFBEA1A}.Debug|Any CPU.Build.0 = Debug|Any CPU
		{E01942C0-FEDA-49E6-B847-B734BCFBEA1A}.Release|Any CPU.ActiveCfg = Release|Any CPU
		{E01942C0-FEDA-49E6-B847-B734BCFBEA1A}.Release|Any CPU.Build.0 = Release|Any CPU
		{E13C561C-8B66-49E5-96B3-14B6957F2AA7}.Debug|Any CPU.ActiveCfg = Debug|Any CPU
		{E13C561C-8B66-49E5-96B3-14B6957F2AA7}.Debug|Any CPU.Build.0 = Debug|Any CPU
		{E13C561C-8B66-49E5-96B3-14B6957F2AA7}.Release|Any CPU.ActiveCfg = Release|Any CPU
		{E13C561C-8B66-49E5-96B3-14B6957F2AA7}.Release|Any CPU.Build.0 = Release|Any CPU
		{255A7005-CD04-4EC4-A6B7-916173B37CF3}.Debug|Any CPU.ActiveCfg = Debug|Any CPU
		{255A7005-CD04-4EC4-A6B7-916173B37CF3}.Debug|Any CPU.Build.0 = Debug|Any CPU
		{255A7005-CD04-4EC4-A6B7-916173B37CF3}.Release|Any CPU.ActiveCfg = Release|Any CPU
		{255A7005-CD04-4EC4-A6B7-916173B37CF3}.Release|Any CPU.Build.0 = Release|Any CPU
		{DB80C620-89A6-4313-947D-8B78599FC590}.Debug|Any CPU.ActiveCfg = Debug|Any CPU
		{DB80C620-89A6-4313-947D-8B78599FC590}.Debug|Any CPU.Build.0 = Debug|Any CPU
		{DB80C620-89A6-4313-947D-8B78599FC590}.Release|Any CPU.ActiveCfg = Release|Any CPU
		{DB80C620-89A6-4313-947D-8B78599FC590}.Release|Any CPU.Build.0 = Release|Any CPU
		{188171EB-30B1-4C56-95C7-F2D5C69A30ED}.Debug|Any CPU.ActiveCfg = Debug|Any CPU
		{188171EB-30B1-4C56-95C7-F2D5C69A30ED}.Debug|Any CPU.Build.0 = Debug|Any CPU
		{188171EB-30B1-4C56-95C7-F2D5C69A30ED}.Release|Any CPU.ActiveCfg = Release|Any CPU
		{188171EB-30B1-4C56-95C7-F2D5C69A30ED}.Release|Any CPU.Build.0 = Release|Any CPU
		{A8DDC653-B788-4AC4-B2A8-2FB360BE6381}.Debug|Any CPU.ActiveCfg = Debug|Any CPU
		{A8DDC653-B788-4AC4-B2A8-2FB360BE6381}.Debug|Any CPU.Build.0 = Debug|Any CPU
		{A8DDC653-B788-4AC4-B2A8-2FB360BE6381}.Release|Any CPU.ActiveCfg = Release|Any CPU
		{A8DDC653-B788-4AC4-B2A8-2FB360BE6381}.Release|Any CPU.Build.0 = Release|Any CPU
		{DE027C37-93D7-41FF-8313-F0DA03F7898A}.Debug|Any CPU.ActiveCfg = Debug|Any CPU
		{DE027C37-93D7-41FF-8313-F0DA03F7898A}.Debug|Any CPU.Build.0 = Debug|Any CPU
		{DE027C37-93D7-41FF-8313-F0DA03F7898A}.Release|Any CPU.ActiveCfg = Release|Any CPU
		{DE027C37-93D7-41FF-8313-F0DA03F7898A}.Release|Any CPU.Build.0 = Release|Any CPU
		{47C56CEE-A207-4472-A4F4-D9D95B272A20}.Debug|Any CPU.ActiveCfg = Debug|Any CPU
		{47C56CEE-A207-4472-A4F4-D9D95B272A20}.Debug|Any CPU.Build.0 = Debug|Any CPU
		{47C56CEE-A207-4472-A4F4-D9D95B272A20}.Release|Any CPU.ActiveCfg = Release|Any CPU
		{47C56CEE-A207-4472-A4F4-D9D95B272A20}.Release|Any CPU.Build.0 = Release|Any CPU
		{0981FA86-BAF0-4D35-80CD-7166017CC1F0}.Debug|Any CPU.ActiveCfg = Debug|Any CPU
		{0981FA86-BAF0-4D35-80CD-7166017CC1F0}.Debug|Any CPU.Build.0 = Debug|Any CPU
		{0981FA86-BAF0-4D35-80CD-7166017CC1F0}.Release|Any CPU.ActiveCfg = Release|Any CPU
		{0981FA86-BAF0-4D35-80CD-7166017CC1F0}.Release|Any CPU.Build.0 = Release|Any CPU
		{8F149B9F-29E0-4A4A-8AF0-6D2B00FE9EF0}.Debug|Any CPU.ActiveCfg = Debug|Any CPU
		{8F149B9F-29E0-4A4A-8AF0-6D2B00FE9EF0}.Debug|Any CPU.Build.0 = Debug|Any CPU
		{8F149B9F-29E0-4A4A-8AF0-6D2B00FE9EF0}.Release|Any CPU.ActiveCfg = Release|Any CPU
		{8F149B9F-29E0-4A4A-8AF0-6D2B00FE9EF0}.Release|Any CPU.Build.0 = Release|Any CPU
		{6BDE30F5-99D7-44B1-8A9E-E6C153C90806}.Debug|Any CPU.ActiveCfg = Debug|Any CPU
		{6BDE30F5-99D7-44B1-8A9E-E6C153C90806}.Debug|Any CPU.Build.0 = Debug|Any CPU
		{6BDE30F5-99D7-44B1-8A9E-E6C153C90806}.Release|Any CPU.ActiveCfg = Release|Any CPU
		{6BDE30F5-99D7-44B1-8A9E-E6C153C90806}.Release|Any CPU.Build.0 = Release|Any CPU
		{30848556-37F9-406A-8FA3-0B5B2BF839BA}.Debug|Any CPU.ActiveCfg = Debug|Any CPU
		{30848556-37F9-406A-8FA3-0B5B2BF839BA}.Debug|Any CPU.Build.0 = Debug|Any CPU
		{30848556-37F9-406A-8FA3-0B5B2BF839BA}.Release|Any CPU.ActiveCfg = Release|Any CPU
		{30848556-37F9-406A-8FA3-0B5B2BF839BA}.Release|Any CPU.Build.0 = Release|Any CPU
		{AF5E2274-5CDA-41AE-BC82-0E0159A4D42A}.Debug|Any CPU.ActiveCfg = Debug|Any CPU
		{AF5E2274-5CDA-41AE-BC82-0E0159A4D42A}.Debug|Any CPU.Build.0 = Debug|Any CPU
		{AF5E2274-5CDA-41AE-BC82-0E0159A4D42A}.Release|Any CPU.ActiveCfg = Release|Any CPU
		{AF5E2274-5CDA-41AE-BC82-0E0159A4D42A}.Release|Any CPU.Build.0 = Release|Any CPU
	EndGlobalSection
	GlobalSection(SolutionProperties) = preSolution
		HideSolutionNode = FALSE
	EndGlobalSection
	GlobalSection(ExtensibilityGlobals) = postSolution
		SolutionGuid = {C1BFF5E8-E75C-4D90-B51B-59616B593F2E}
	EndGlobalSection
EndGlobal
